<Solution>
  <Project Path="StarsTracker.Shared/StarsTracker.Shared.csproj" />
  <Project Path="StarsTracker.Core/StarsTracker.Core.csproj" />
  <Project Path="StarsTracker.Api/StarsTracker.Api.csproj" />
  <Project Path="StarsTracker.Api.Tests/StarsTracker.Api.Tests.csproj" />
  <Project Path="StarsTracker.csproj" />
  <Project Path="StarsTracker.Tests/StarsTracker.Tests.csproj" />
</Solution>
